// !$*UTF8*$!
{
	archiveVersion = 1;
	classes = {
	};
	objectVersion = 56;
	objects = {

/* Begin PBXBuildFile section */
		9E0452CB2A933094003858DB /* ListUserTableViewCell.swift in Sources */ = {isa = PBXBuildFile; fileRef = 9E0452CA2A933094003858DB /* ListUserTableViewCell.swift */; };
		9E102CA62AB16A8200695050 /* ProfileHeaderCollectionReusableView.swift in Sources */ = {isa = PBXBuildFile; fileRef = 9E102CA52AB16A8200695050 /* ProfileHeaderCollectionReusableView.swift */; };
		9E102CA82AB16AE900695050 /* ProfileHeaderViewModel.swift in Sources */ = {isa = PBXBuildFile; fileRef = 9E102CA72AB16AE900695050 /* ProfileHeaderViewModel.swift */; };
		9E102CAA2AB190BF00695050 /* ProfileHeaderCountView.swift in Sources */ = {isa = PBXBuildFile; fileRef = 9E102CA92AB190BF00695050 /* ProfileHeaderCountView.swift */; };
		9E1970ED2A8C7CB400EEFB14 /* Extensions.swift in Sources */ = {isa = PBXBuildFile; fileRef = 9E1970EC2A8C7CB400EEFB14 /* Extensions.swift */; };
		9E9A8A5E2AB82746000B98B7 /* IGFollowButton.swift in Sources */ = {isa = PBXBuildFile; fileRef = 9E9A8A5D2AB82746000B98B7 /* IGFollowButton.swift */; };
		9E9A8A602AB94962000B98B7 /* ListViewController.swift in Sources */ = {isa = PBXBuildFile; fileRef = 9E9A8A5F2AB94961000B98B7 /* ListViewController.swift */; };
		9E9A8A622AB949C5000B98B7 /* Models.swift in Sources */ = {isa = PBXBuildFile; fileRef = 9E9A8A612AB949C5000B98B7 /* Models.swift */; };
		9E9A8A642AB94A05000B98B7 /* User.swift in Sources */ = {isa = PBXBuildFile; fileRef = 9E9A8A632AB94A05000B98B7 /* User.swift */; };
		9E9A8A672AB94B7F000B98B7 /* PostViewController.swift in Sources */ = {isa = PBXBuildFile; fileRef = 9E9A8A662AB94B7F000B98B7 /* PostViewController.swift */; };
		9EADE4FA2AAAD5DD00E6E2C8 /* CommentNotficationTableViewCell.swift in Sources */ = {isa = PBXBuildFile; fileRef = 9EADE4F92AAAD5DD00E6E2C8 /* CommentNotficationTableViewCell.swift */; };
		9EADE4FC2AAAD78100E6E2C8 /* NotificationManager.swift in Sources */ = {isa = PBXBuildFile; fileRef = 9EADE4FB2AAAD78100E6E2C8 /* NotificationManager.swift */; };
		9EADE4FE2AAAE32B00E6E2C8 /* NotificationCellType.swift in Sources */ = {isa = PBXBuildFile; fileRef = 9EADE4FD2AAAE32B00E6E2C8 /* NotificationCellType.swift */; };
		9EADE5002AAAE36E00E6E2C8 /* NotificationCellViewModels.swift in Sources */ = {isa = PBXBuildFile; fileRef = 9EADE4FF2AAAE36E00E6E2C8 /* NotificationCellViewModels.swift */; };
		9EB02EB32A9C62B7004D00AB /* SignInHeaderView.swift in Sources */ = {isa = PBXBuildFile; fileRef = 9EB02EB22A9C62B7004D00AB /* SignInHeaderView.swift */; };
		9EB02EB52A9C6384004D00AB /* SignInViewController.swift in Sources */ = {isa = PBXBuildFile; fileRef = 9EB02EB42A9C6384004D00AB /* SignInViewController.swift */; };
		9EB02EB72A9C73CA004D00AB /* IGTextField.swift in Sources */ = {isa = PBXBuildFile; fileRef = 9EB02EB62A9C73CA004D00AB /* IGTextField.swift */; };
		9EB02EB92A9C81DC004D00AB /* SignUpViewController.swift in Sources */ = {isa = PBXBuildFile; fileRef = 9EB02EB82A9C81DC004D00AB /* SignUpViewController.swift */; };
		9ED5F3C52A94795A00670ECD /* GoogleService-Info.plist in Resources */ = {isa = PBXBuildFile; fileRef = 9ED5F3C42A94795A00670ECD /* GoogleService-Info.plist */; };
		9ED5F3C92A947AA100670ECD /* NoNotificationsView.swift in Sources */ = {isa = PBXBuildFile; fileRef = 9ED5F3C82A947AA100670ECD /* NoNotificationsView.swift */; };
		9ED5F3CC2A947DC800670ECD /* FollowNotificationTableViewCell.swift in Sources */ = {isa = PBXBuildFile; fileRef = 9ED5F3CB2A947DC800670ECD /* FollowNotificationTableViewCell.swift */; };
		9ED5F3CE2A947DE300670ECD /* LikeNotificationTableViewCell.swift in Sources */ = {isa = PBXBuildFile; fileRef = 9ED5F3CD2A947DE300670ECD /* LikeNotificationTableViewCell.swift */; };
		9EE5405C2AB94E0C00158395 /* OldEditProfileViewController.swift in Sources */ = {isa = PBXBuildFile; fileRef = 9EE5405B2AB94E0C00158395 /* OldEditProfileViewController.swift */; };
		9EE5405E2AB95FC700158395 /* ListUserTableViewCellViewModel.swift in Sources */ = {isa = PBXBuildFile; fileRef = 9EE5405D2AB95FC700158395 /* ListUserTableViewCellViewModel.swift */; };
		9EF3994E2AA6C6B40058F383 /* Post.swift in Sources */ = {isa = PBXBuildFile; fileRef = 9EF3994D2AA6C6B40058F383 /* Post.swift */; };
		AC0FC790B5204E88E31E17BB /* Pods_Instagram.framework in Frameworks */ = {isa = PBXBuildFile; fileRef = 557A86B546ADBD5E189D4FEC /* Pods_Instagram.framework */; };
		BD05B9EA2AB6B2E80048C192 /* EditProfileViewController.swift in Sources */ = {isa = PBXBuildFile; fileRef = BD05B9E92AB6B2E80048C192 /* EditProfileViewController.swift */; };
		BD0991122A90D4E5001DCE05 /* FormTableViewCell.swift in Sources */ = {isa = PBXBuildFile; fileRef = BD0991112A90D4E5001DCE05 /* FormTableViewCell.swift */; };
		BD0991172A90DE3D001DCE05 /* ProfileInfoHeaderCollectionReusableView.swift in Sources */ = {isa = PBXBuildFile; fileRef = BD0991162A90DE3D001DCE05 /* ProfileInfoHeaderCollectionReusableView.swift */; };
		BD0991192A90DE71001DCE05 /* ProfileTabsCollectionReusableView.swift in Sources */ = {isa = PBXBuildFile; fileRef = BD0991182A90DE71001DCE05 /* ProfileTabsCollectionReusableView.swift */; };
		BD0E8C4C2A8BC254008729E2 /* AuthManager.swift in Sources */ = {isa = PBXBuildFile; fileRef = BD0E8C4B2A8BC254008729E2 /* AuthManager.swift */; };
		BD11AEA82AA1D1CD002553E3 /* PosterCollectionViewCellViewModel.swift in Sources */ = {isa = PBXBuildFile; fileRef = BD11AEA72AA1D1CD002553E3 /* PosterCollectionViewCellViewModel.swift */; };
		BD11AEAA2AA1D256002553E3 /* PostCollectionViewCellViewModel.swift in Sources */ = {isa = PBXBuildFile; fileRef = BD11AEA92AA1D256002553E3 /* PostCollectionViewCellViewModel.swift */; };
		BD11AEAC2AA1D293002553E3 /* PostActionsCollectionViewCellViewModel.swift in Sources */ = {isa = PBXBuildFile; fileRef = BD11AEAB2AA1D293002553E3 /* PostActionsCollectionViewCellViewModel.swift */; };
		BD11AEAE2AA1D2CC002553E3 /* PostLikesCollectionViewCellViewModel.swift in Sources */ = {isa = PBXBuildFile; fileRef = BD11AEAD2AA1D2CC002553E3 /* PostLikesCollectionViewCellViewModel.swift */; };
		BD11AEB02AA1D30E002553E3 /* PostCaptionCollectionViewCellViewModel.swift in Sources */ = {isa = PBXBuildFile; fileRef = BD11AEAF2AA1D30E002553E3 /* PostCaptionCollectionViewCellViewModel.swift */; };
		BD11AEB22AA1D381002553E3 /* PostDateTimeCollectionViewCellViewModel.swift in Sources */ = {isa = PBXBuildFile; fileRef = BD11AEB12AA1D381002553E3 /* PostDateTimeCollectionViewCellViewModel.swift */; };
		BD11AEB42AA1D443002553E3 /* HomeFeedCellType.swift in Sources */ = {isa = PBXBuildFile; fileRef = BD11AEB32AA1D443002553E3 /* HomeFeedCellType.swift */; };
		BD11AEB72AA21DCD002553E3 /* PosterCollectionViewCell.swift in Sources */ = {isa = PBXBuildFile; fileRef = BD11AEB62AA21DCD002553E3 /* PosterCollectionViewCell.swift */; };
		BD11AEB92AA21E53002553E3 /* PostCollectionViewCell.swift in Sources */ = {isa = PBXBuildFile; fileRef = BD11AEB82AA21E53002553E3 /* PostCollectionViewCell.swift */; };
		BD11AEBB2AA21E7A002553E3 /* PostActionsCollectionViewCell.swift in Sources */ = {isa = PBXBuildFile; fileRef = BD11AEBA2AA21E7A002553E3 /* PostActionsCollectionViewCell.swift */; };
		BD11AEBD2AA21E84002553E3 /* PostLikesCollectionViewCell.swift in Sources */ = {isa = PBXBuildFile; fileRef = BD11AEBC2AA21E84002553E3 /* PostLikesCollectionViewCell.swift */; };
		BD11AEBF2AA21E93002553E3 /* PostCaptionCollectionViewCell.swift in Sources */ = {isa = PBXBuildFile; fileRef = BD11AEBE2AA21E93002553E3 /* PostCaptionCollectionViewCell.swift */; };
		BD11AEC12AA21E9F002553E3 /* PostDateTimeCollectionViewCell.swift in Sources */ = {isa = PBXBuildFile; fileRef = BD11AEC02AA21E9F002553E3 /* PostDateTimeCollectionViewCell.swift */; };
		BD26D5832A8B7A76007B7F5B /* AppDelegate.swift in Sources */ = {isa = PBXBuildFile; fileRef = BD26D5822A8B7A76007B7F5B /* AppDelegate.swift */; };
		BD26D5852A8B7A76007B7F5B /* SceneDelegate.swift in Sources */ = {isa = PBXBuildFile; fileRef = BD26D5842A8B7A76007B7F5B /* SceneDelegate.swift */; };
		BD26D58C2A8B7A77007B7F5B /* Assets.xcassets in Resources */ = {isa = PBXBuildFile; fileRef = BD26D58B2A8B7A77007B7F5B /* Assets.xcassets */; };
		BD26D58F2A8B7A77007B7F5B /* LaunchScreen.storyboard in Resources */ = {isa = PBXBuildFile; fileRef = BD26D58D2A8B7A77007B7F5B /* LaunchScreen.storyboard */; };
		BD26D59C2A8B7B24007B7F5B /* ExploreViewController.swift in Sources */ = {isa = PBXBuildFile; fileRef = BD26D59B2A8B7B24007B7F5B /* ExploreViewController.swift */; };
		BD26D59E2A8B7B32007B7F5B /* CameraViewController.swift in Sources */ = {isa = PBXBuildFile; fileRef = BD26D59D2A8B7B32007B7F5B /* CameraViewController.swift */; };
		BD26D5A02A8B7B4E007B7F5B /* NotificationsViewController.swift in Sources */ = {isa = PBXBuildFile; fileRef = BD26D59F2A8B7B4E007B7F5B /* NotificationsViewController.swift */; };
		BD26D5AF2A8B7BEB007B7F5B /* SettingsViewController.swift in Sources */ = {isa = PBXBuildFile; fileRef = BD26D5AE2A8B7BEB007B7F5B /* SettingsViewController.swift */; };
		BD26D5B32A8B7C0A007B7F5B /* SearchResultsViewController.swift in Sources */ = {isa = PBXBuildFile; fileRef = BD26D5B22A8B7C0A007B7F5B /* SearchResultsViewController.swift */; };
		BD2E70BF2A9F389E00B26BB7 /* ProfileViewController.swift in Sources */ = {isa = PBXBuildFile; fileRef = BD2E70BE2A9F389E00B26BB7 /* ProfileViewController.swift */; };
		BD3A085E2AA4641D002B6AA8 /* PostEditViewController.swift in Sources */ = {isa = PBXBuildFile; fileRef = BD3A085D2AA4641D002B6AA8 /* PostEditViewController.swift */; };
		BD49C7C52AB2B70F003E61D7 /* ProfileHeaderCountViewModel.swift in Sources */ = {isa = PBXBuildFile; fileRef = BD49C7C42AB2B70F003E61D7 /* ProfileHeaderCountViewModel.swift */; };
		BD50F2612A9B9EF0003C99A3 /* TabBarViewController.swift in Sources */ = {isa = PBXBuildFile; fileRef = BD50F2602A9B9EF0003C99A3 /* TabBarViewController.swift */; };
		BDBCADE72A9E137F009388D3 /* DatabaseManager.swift in Sources */ = {isa = PBXBuildFile; fileRef = BDBCADE62A9E137F009388D3 /* DatabaseManager.swift */; };
		BDBCADEB2A9E1F01009388D3 /* StorageManager.swift in Sources */ = {isa = PBXBuildFile; fileRef = BDBCADEA2A9E1F01009388D3 /* StorageManager.swift */; };
		BDC2BF052AB44E3000E6A80C /* UserInfo.swift in Sources */ = {isa = PBXBuildFile; fileRef = BDC2BF042AB44E3000E6A80C /* UserInfo.swift */; };
		BDD6A6ED2A9BA27800BCEA92 /* AnalyticsManager.swift in Sources */ = {isa = PBXBuildFile; fileRef = BDD6A6EC2A9BA27800BCEA92 /* AnalyticsManager.swift */; };
		BDD6A6F02A9BA2D700BCEA92 /* HapticsManager.swift in Sources */ = {isa = PBXBuildFile; fileRef = BDD6A6EF2A9BA2D700BCEA92 /* HapticsManager.swift */; };
		BDDDCA452AA0CFAF004AB7FA /* NewHomeViewController.swift in Sources */ = {isa = PBXBuildFile; fileRef = BDDDCA442AA0CFAF004AB7FA /* NewHomeViewController.swift */; };
		BDE09F222AA49A0B003DCA40 /* PhotoCollectionViewCell.swift in Sources */ = {isa = PBXBuildFile; fileRef = BDE09F212AA49A0B003DCA40 /* PhotoCollectionViewCell.swift */; };
		BDE09F242AA49F16003DCA40 /* CaptionViewController.swift in Sources */ = {isa = PBXBuildFile; fileRef = BDE09F232AA49F16003DCA40 /* CaptionViewController.swift */; };
		BDEB78E12AAC817D00668D2E /* Notification.swift in Sources */ = {isa = PBXBuildFile; fileRef = BDEB78E02AAC817D00668D2E /* Notification.swift */; };
/* End PBXBuildFile section */

/* Begin PBXFileReference section */
		1DD9B7848BAF7CF1B292605D /* Pods-Instagram.release.xcconfig */ = {isa = PBXFileReference; includeInIndex = 1; lastKnownFileType = text.xcconfig; name = "Pods-Instagram.release.xcconfig"; path = "Target Support Files/Pods-Instagram/Pods-Instagram.release.xcconfig"; sourceTree = "<group>"; };
		557A86B546ADBD5E189D4FEC /* Pods_Instagram.framework */ = {isa = PBXFileReference; explicitFileType = wrapper.framework; includeInIndex = 0; path = Pods_Instagram.framework; sourceTree = BUILT_PRODUCTS_DIR; };
		9E0452CA2A933094003858DB /* ListUserTableViewCell.swift */ = {isa = PBXFileReference; lastKnownFileType = sourcecode.swift; path = ListUserTableViewCell.swift; sourceTree = "<group>"; };
		9E102CA52AB16A8200695050 /* ProfileHeaderCollectionReusableView.swift */ = {isa = PBXFileReference; lastKnownFileType = sourcecode.swift; path = ProfileHeaderCollectionReusableView.swift; sourceTree = "<group>"; };
		9E102CA72AB16AE900695050 /* ProfileHeaderViewModel.swift */ = {isa = PBXFileReference; lastKnownFileType = sourcecode.swift; path = ProfileHeaderViewModel.swift; sourceTree = "<group>"; };
		9E102CA92AB190BF00695050 /* ProfileHeaderCountView.swift */ = {isa = PBXFileReference; lastKnownFileType = sourcecode.swift; path = ProfileHeaderCountView.swift; sourceTree = "<group>"; };
		9E1970EC2A8C7CB400EEFB14 /* Extensions.swift */ = {isa = PBXFileReference; lastKnownFileType = sourcecode.swift; path = Extensions.swift; sourceTree = "<group>"; };
		9E9A8A5D2AB82746000B98B7 /* IGFollowButton.swift */ = {isa = PBXFileReference; lastKnownFileType = sourcecode.swift; path = IGFollowButton.swift; sourceTree = "<group>"; };
		9E9A8A5F2AB94961000B98B7 /* ListViewController.swift */ = {isa = PBXFileReference; fileEncoding = 4; lastKnownFileType = sourcecode.swift; path = ListViewController.swift; sourceTree = "<group>"; };
		9E9A8A612AB949C5000B98B7 /* Models.swift */ = {isa = PBXFileReference; fileEncoding = 4; lastKnownFileType = sourcecode.swift; path = Models.swift; sourceTree = "<group>"; };
		9E9A8A632AB94A05000B98B7 /* User.swift */ = {isa = PBXFileReference; fileEncoding = 4; lastKnownFileType = sourcecode.swift; path = User.swift; sourceTree = "<group>"; };
		9E9A8A662AB94B7F000B98B7 /* PostViewController.swift */ = {isa = PBXFileReference; fileEncoding = 4; lastKnownFileType = sourcecode.swift; path = PostViewController.swift; sourceTree = "<group>"; };
		9EADE4F92AAAD5DD00E6E2C8 /* CommentNotficationTableViewCell.swift */ = {isa = PBXFileReference; lastKnownFileType = sourcecode.swift; path = CommentNotficationTableViewCell.swift; sourceTree = "<group>"; };
		9EADE4FB2AAAD78100E6E2C8 /* NotificationManager.swift */ = {isa = PBXFileReference; lastKnownFileType = sourcecode.swift; path = NotificationManager.swift; sourceTree = "<group>"; };
		9EADE4FD2AAAE32B00E6E2C8 /* NotificationCellType.swift */ = {isa = PBXFileReference; lastKnownFileType = sourcecode.swift; path = NotificationCellType.swift; sourceTree = "<group>"; };
		9EADE4FF2AAAE36E00E6E2C8 /* NotificationCellViewModels.swift */ = {isa = PBXFileReference; lastKnownFileType = sourcecode.swift; path = NotificationCellViewModels.swift; sourceTree = "<group>"; };
		9EB02EB22A9C62B7004D00AB /* SignInHeaderView.swift */ = {isa = PBXFileReference; lastKnownFileType = sourcecode.swift; path = SignInHeaderView.swift; sourceTree = "<group>"; };
		9EB02EB42A9C6384004D00AB /* SignInViewController.swift */ = {isa = PBXFileReference; lastKnownFileType = sourcecode.swift; path = SignInViewController.swift; sourceTree = "<group>"; };
		9EB02EB62A9C73CA004D00AB /* IGTextField.swift */ = {isa = PBXFileReference; lastKnownFileType = sourcecode.swift; path = IGTextField.swift; sourceTree = "<group>"; };
		9EB02EB82A9C81DC004D00AB /* SignUpViewController.swift */ = {isa = PBXFileReference; lastKnownFileType = sourcecode.swift; path = SignUpViewController.swift; sourceTree = "<group>"; };
		9ED5F3C42A94795A00670ECD /* GoogleService-Info.plist */ = {isa = PBXFileReference; fileEncoding = 4; lastKnownFileType = text.plist.xml; name = "GoogleService-Info.plist"; path = "../../../../Downloads/GoogleService-Info.plist"; sourceTree = "<group>"; };
		9ED5F3C82A947AA100670ECD /* NoNotificationsView.swift */ = {isa = PBXFileReference; lastKnownFileType = sourcecode.swift; path = NoNotificationsView.swift; sourceTree = "<group>"; };
		9ED5F3CB2A947DC800670ECD /* FollowNotificationTableViewCell.swift */ = {isa = PBXFileReference; lastKnownFileType = sourcecode.swift; path = FollowNotificationTableViewCell.swift; sourceTree = "<group>"; };
		9ED5F3CD2A947DE300670ECD /* LikeNotificationTableViewCell.swift */ = {isa = PBXFileReference; lastKnownFileType = sourcecode.swift; path = LikeNotificationTableViewCell.swift; sourceTree = "<group>"; };
		9EE5405B2AB94E0C00158395 /* OldEditProfileViewController.swift */ = {isa = PBXFileReference; fileEncoding = 4; lastKnownFileType = sourcecode.swift; path = OldEditProfileViewController.swift; sourceTree = "<group>"; };
		9EE5405D2AB95FC700158395 /* ListUserTableViewCellViewModel.swift */ = {isa = PBXFileReference; lastKnownFileType = sourcecode.swift; path = ListUserTableViewCellViewModel.swift; sourceTree = "<group>"; };
		9EF3994D2AA6C6B40058F383 /* Post.swift */ = {isa = PBXFileReference; lastKnownFileType = sourcecode.swift; path = Post.swift; sourceTree = "<group>"; };
		BD05B9E92AB6B2E80048C192 /* EditProfileViewController.swift */ = {isa = PBXFileReference; lastKnownFileType = sourcecode.swift; path = EditProfileViewController.swift; sourceTree = "<group>"; };
		BD0991112A90D4E5001DCE05 /* FormTableViewCell.swift */ = {isa = PBXFileReference; lastKnownFileType = sourcecode.swift; path = FormTableViewCell.swift; sourceTree = "<group>"; };
		BD0991162A90DE3D001DCE05 /* ProfileInfoHeaderCollectionReusableView.swift */ = {isa = PBXFileReference; lastKnownFileType = sourcecode.swift; path = ProfileInfoHeaderCollectionReusableView.swift; sourceTree = "<group>"; };
		BD0991182A90DE71001DCE05 /* ProfileTabsCollectionReusableView.swift */ = {isa = PBXFileReference; lastKnownFileType = sourcecode.swift; path = ProfileTabsCollectionReusableView.swift; sourceTree = "<group>"; };
		BD0E8C4B2A8BC254008729E2 /* AuthManager.swift */ = {isa = PBXFileReference; lastKnownFileType = sourcecode.swift; path = AuthManager.swift; sourceTree = "<group>"; };
		BD11AEA72AA1D1CD002553E3 /* PosterCollectionViewCellViewModel.swift */ = {isa = PBXFileReference; lastKnownFileType = sourcecode.swift; path = PosterCollectionViewCellViewModel.swift; sourceTree = "<group>"; };
		BD11AEA92AA1D256002553E3 /* PostCollectionViewCellViewModel.swift */ = {isa = PBXFileReference; lastKnownFileType = sourcecode.swift; path = PostCollectionViewCellViewModel.swift; sourceTree = "<group>"; };
		BD11AEAB2AA1D293002553E3 /* PostActionsCollectionViewCellViewModel.swift */ = {isa = PBXFileReference; lastKnownFileType = sourcecode.swift; path = PostActionsCollectionViewCellViewModel.swift; sourceTree = "<group>"; };
		BD11AEAD2AA1D2CC002553E3 /* PostLikesCollectionViewCellViewModel.swift */ = {isa = PBXFileReference; lastKnownFileType = sourcecode.swift; path = PostLikesCollectionViewCellViewModel.swift; sourceTree = "<group>"; };
		BD11AEAF2AA1D30E002553E3 /* PostCaptionCollectionViewCellViewModel.swift */ = {isa = PBXFileReference; lastKnownFileType = sourcecode.swift; path = PostCaptionCollectionViewCellViewModel.swift; sourceTree = "<group>"; };
		BD11AEB12AA1D381002553E3 /* PostDateTimeCollectionViewCellViewModel.swift */ = {isa = PBXFileReference; lastKnownFileType = sourcecode.swift; path = PostDateTimeCollectionViewCellViewModel.swift; sourceTree = "<group>"; };
		BD11AEB32AA1D443002553E3 /* HomeFeedCellType.swift */ = {isa = PBXFileReference; lastKnownFileType = sourcecode.swift; path = HomeFeedCellType.swift; sourceTree = "<group>"; };
		BD11AEB62AA21DCD002553E3 /* PosterCollectionViewCell.swift */ = {isa = PBXFileReference; lastKnownFileType = sourcecode.swift; path = PosterCollectionViewCell.swift; sourceTree = "<group>"; };
		BD11AEB82AA21E53002553E3 /* PostCollectionViewCell.swift */ = {isa = PBXFileReference; lastKnownFileType = sourcecode.swift; path = PostCollectionViewCell.swift; sourceTree = "<group>"; };
		BD11AEBA2AA21E7A002553E3 /* PostActionsCollectionViewCell.swift */ = {isa = PBXFileReference; lastKnownFileType = sourcecode.swift; path = PostActionsCollectionViewCell.swift; sourceTree = "<group>"; };
		BD11AEBC2AA21E84002553E3 /* PostLikesCollectionViewCell.swift */ = {isa = PBXFileReference; lastKnownFileType = sourcecode.swift; path = PostLikesCollectionViewCell.swift; sourceTree = "<group>"; };
		BD11AEBE2AA21E93002553E3 /* PostCaptionCollectionViewCell.swift */ = {isa = PBXFileReference; lastKnownFileType = sourcecode.swift; path = PostCaptionCollectionViewCell.swift; sourceTree = "<group>"; };
		BD11AEC02AA21E9F002553E3 /* PostDateTimeCollectionViewCell.swift */ = {isa = PBXFileReference; lastKnownFileType = sourcecode.swift; path = PostDateTimeCollectionViewCell.swift; sourceTree = "<group>"; };
		BD26D57F2A8B7A76007B7F5B /* Instagram.app */ = {isa = PBXFileReference; explicitFileType = wrapper.application; includeInIndex = 0; path = Instagram.app; sourceTree = BUILT_PRODUCTS_DIR; };
		BD26D5822A8B7A76007B7F5B /* AppDelegate.swift */ = {isa = PBXFileReference; lastKnownFileType = sourcecode.swift; path = AppDelegate.swift; sourceTree = "<group>"; };
		BD26D5842A8B7A76007B7F5B /* SceneDelegate.swift */ = {isa = PBXFileReference; lastKnownFileType = sourcecode.swift; path = SceneDelegate.swift; sourceTree = "<group>"; };
		BD26D58B2A8B7A77007B7F5B /* Assets.xcassets */ = {isa = PBXFileReference; lastKnownFileType = folder.assetcatalog; path = Assets.xcassets; sourceTree = "<group>"; };
		BD26D58E2A8B7A77007B7F5B /* Base */ = {isa = PBXFileReference; lastKnownFileType = file.storyboard; name = Base; path = Base.lproj/LaunchScreen.storyboard; sourceTree = "<group>"; };
		BD26D59B2A8B7B24007B7F5B /* ExploreViewController.swift */ = {isa = PBXFileReference; lastKnownFileType = sourcecode.swift; path = ExploreViewController.swift; sourceTree = "<group>"; };
		BD26D59D2A8B7B32007B7F5B /* CameraViewController.swift */ = {isa = PBXFileReference; lastKnownFileType = sourcecode.swift; path = CameraViewController.swift; sourceTree = "<group>"; };
		BD26D59F2A8B7B4E007B7F5B /* NotificationsViewController.swift */ = {isa = PBXFileReference; lastKnownFileType = sourcecode.swift; path = NotificationsViewController.swift; sourceTree = "<group>"; };
		BD26D5AE2A8B7BEB007B7F5B /* SettingsViewController.swift */ = {isa = PBXFileReference; lastKnownFileType = sourcecode.swift; path = SettingsViewController.swift; sourceTree = "<group>"; };
		BD26D5B22A8B7C0A007B7F5B /* SearchResultsViewController.swift */ = {isa = PBXFileReference; lastKnownFileType = sourcecode.swift; path = SearchResultsViewController.swift; sourceTree = "<group>"; };
		BD2E70BE2A9F389E00B26BB7 /* ProfileViewController.swift */ = {isa = PBXFileReference; lastKnownFileType = sourcecode.swift; path = ProfileViewController.swift; sourceTree = "<group>"; };
		BD3A085D2AA4641D002B6AA8 /* PostEditViewController.swift */ = {isa = PBXFileReference; lastKnownFileType = sourcecode.swift; path = PostEditViewController.swift; sourceTree = "<group>"; };
		BD49C7C42AB2B70F003E61D7 /* ProfileHeaderCountViewModel.swift */ = {isa = PBXFileReference; lastKnownFileType = sourcecode.swift; path = ProfileHeaderCountViewModel.swift; sourceTree = "<group>"; };
		BD50F2602A9B9EF0003C99A3 /* TabBarViewController.swift */ = {isa = PBXFileReference; lastKnownFileType = sourcecode.swift; path = TabBarViewController.swift; sourceTree = "<group>"; };
		BDBCADE62A9E137F009388D3 /* DatabaseManager.swift */ = {isa = PBXFileReference; lastKnownFileType = sourcecode.swift; path = DatabaseManager.swift; sourceTree = "<group>"; };
		BDBCADEA2A9E1F01009388D3 /* StorageManager.swift */ = {isa = PBXFileReference; lastKnownFileType = sourcecode.swift; path = StorageManager.swift; sourceTree = "<group>"; };
		BDC2BF042AB44E3000E6A80C /* UserInfo.swift */ = {isa = PBXFileReference; lastKnownFileType = sourcecode.swift; path = UserInfo.swift; sourceTree = "<group>"; };
		BDD6A6EC2A9BA27800BCEA92 /* AnalyticsManager.swift */ = {isa = PBXFileReference; lastKnownFileType = sourcecode.swift; path = AnalyticsManager.swift; sourceTree = "<group>"; };
		BDD6A6EF2A9BA2D700BCEA92 /* HapticsManager.swift */ = {isa = PBXFileReference; lastKnownFileType = sourcecode.swift; path = HapticsManager.swift; sourceTree = "<group>"; };
		BDDDCA442AA0CFAF004AB7FA /* NewHomeViewController.swift */ = {isa = PBXFileReference; lastKnownFileType = sourcecode.swift; path = NewHomeViewController.swift; sourceTree = "<group>"; };
		BDE09F212AA49A0B003DCA40 /* PhotoCollectionViewCell.swift */ = {isa = PBXFileReference; lastKnownFileType = sourcecode.swift; path = PhotoCollectionViewCell.swift; sourceTree = "<group>"; };
		BDE09F232AA49F16003DCA40 /* CaptionViewController.swift */ = {isa = PBXFileReference; lastKnownFileType = sourcecode.swift; path = CaptionViewController.swift; sourceTree = "<group>"; };
		BDEB78E02AAC817D00668D2E /* Notification.swift */ = {isa = PBXFileReference; lastKnownFileType = sourcecode.swift; path = Notification.swift; sourceTree = "<group>"; };
		F1B2D48299DE1666F8E676A4 /* Pods-Instagram.debug.xcconfig */ = {isa = PBXFileReference; includeInIndex = 1; lastKnownFileType = text.xcconfig; name = "Pods-Instagram.debug.xcconfig"; path = "Target Support Files/Pods-Instagram/Pods-Instagram.debug.xcconfig"; sourceTree = "<group>"; };
/* End PBXFileReference section */

/* Begin PBXFrameworksBuildPhase section */
		BD26D57C2A8B7A76007B7F5B /* Frameworks */ = {
			isa = PBXFrameworksBuildPhase;
			buildActionMask = 2147483647;
			files = (
				AC0FC790B5204E88E31E17BB /* Pods_Instagram.framework in Frameworks */,
			);
			runOnlyForDeploymentPostprocessing = 0;
		};
/* End PBXFrameworksBuildPhase section */

/* Begin PBXGroup section */
		362E6CA254741248D8346CD6 /* Frameworks */ = {
			isa = PBXGroup;
			children = (
				557A86B546ADBD5E189D4FEC /* Pods_Instagram.framework */,
			);
			name = Frameworks;
			sourceTree = "<group>";
		};
		9ECBED572A8F5285006460C9 /* Cells */ = {
			isa = PBXGroup;
			children = (
				BD11AEB52AA21DA7002553E3 /* Home Cells */,
				BD0991132A90DDA8001DCE05 /* ProfileCollectionViewHeaders */,
				9ED5F3CA2A947DA700670ECD /* Notification Cells */,
				BD0991112A90D4E5001DCE05 /* FormTableViewCell.swift */,
				9E0452CA2A933094003858DB /* ListUserTableViewCell.swift */,
				BDE09F212AA49A0B003DCA40 /* PhotoCollectionViewCell.swift */,
			);
			path = Cells;
			sourceTree = "<group>";
		};
		9ED5F3CA2A947DA700670ECD /* Notification Cells */ = {
			isa = PBXGroup;
			children = (
				9ED5F3CB2A947DC800670ECD /* FollowNotificationTableViewCell.swift */,
				9ED5F3CD2A947DE300670ECD /* LikeNotificationTableViewCell.swift */,
				9EADE4F92AAAD5DD00E6E2C8 /* CommentNotficationTableViewCell.swift */,
			);
			path = "Notification Cells";
			sourceTree = "<group>";
		};
		BD0991132A90DDA8001DCE05 /* ProfileCollectionViewHeaders */ = {
			isa = PBXGroup;
			children = (
				BD0991162A90DE3D001DCE05 /* ProfileInfoHeaderCollectionReusableView.swift */,
				BD0991182A90DE71001DCE05 /* ProfileTabsCollectionReusableView.swift */,
			);
			path = ProfileCollectionViewHeaders;
			sourceTree = "<group>";
		};
		BD11AEA62AA1D195002553E3 /* ViewModels */ = {
			isa = PBXGroup;
			children = (
				BD11AEA72AA1D1CD002553E3 /* PosterCollectionViewCellViewModel.swift */,
				BD11AEA92AA1D256002553E3 /* PostCollectionViewCellViewModel.swift */,
				BD11AEAB2AA1D293002553E3 /* PostActionsCollectionViewCellViewModel.swift */,
				BD11AEAD2AA1D2CC002553E3 /* PostLikesCollectionViewCellViewModel.swift */,
				BD11AEAF2AA1D30E002553E3 /* PostCaptionCollectionViewCellViewModel.swift */,
				BD11AEB12AA1D381002553E3 /* PostDateTimeCollectionViewCellViewModel.swift */,
				9EADE4FF2AAAE36E00E6E2C8 /* NotificationCellViewModels.swift */,
				9E102CA72AB16AE900695050 /* ProfileHeaderViewModel.swift */,
				BD49C7C42AB2B70F003E61D7 /* ProfileHeaderCountViewModel.swift */,
				9EE5405D2AB95FC700158395 /* ListUserTableViewCellViewModel.swift */,
			);
			path = ViewModels;
			sourceTree = "<group>";
		};
		BD11AEB52AA21DA7002553E3 /* Home Cells */ = {
			isa = PBXGroup;
			children = (
				BD11AEB62AA21DCD002553E3 /* PosterCollectionViewCell.swift */,
				BD11AEB82AA21E53002553E3 /* PostCollectionViewCell.swift */,
				BD11AEBA2AA21E7A002553E3 /* PostActionsCollectionViewCell.swift */,
				BD11AEBC2AA21E84002553E3 /* PostLikesCollectionViewCell.swift */,
				BD11AEBE2AA21E93002553E3 /* PostCaptionCollectionViewCell.swift */,
				BD11AEC02AA21E9F002553E3 /* PostDateTimeCollectionViewCell.swift */,
			);
			path = "Home Cells";
			sourceTree = "<group>";
		};
		BD26D5762A8B7A76007B7F5B = {
			isa = PBXGroup;
			children = (
				BD26D5812A8B7A76007B7F5B /* Instagram */,
				BD26D5802A8B7A76007B7F5B /* Products */,
				F582FE21A145A7BBE55E6857 /* Pods */,
				362E6CA254741248D8346CD6 /* Frameworks */,
			);
			sourceTree = "<group>";
		};
		BD26D5802A8B7A76007B7F5B /* Products */ = {
			isa = PBXGroup;
			children = (
				BD26D57F2A8B7A76007B7F5B /* Instagram.app */,
			);
			name = Products;
			sourceTree = "<group>";
		};
		BD26D5812A8B7A76007B7F5B /* Instagram */ = {
			isa = PBXGroup;
			children = (
				BD11AEA62AA1D195002553E3 /* ViewModels */,
				BDD6A6EE2A9BA2C100BCEA92 /* Managers */,
				BD50F25D2A9B9A39003C99A3 /* Models */,
				BD26D5992A8B7AA3007B7F5B /* Resources */,
				BD26D5972A8B7A8F007B7F5B /* Views */,
				BD26D5962A8B7A84007B7F5B /* Controllers */,
			);
			path = Instagram;
			sourceTree = "<group>";
		};
		BD26D5962A8B7A84007B7F5B /* Controllers */ = {
			isa = PBXGroup;
			children = (
				BD26D5A42A8B7B8B007B7F5B /* Other */,
				BD26D5A32A8B7B6C007B7F5B /* Core Tabs */,
			);
			path = Controllers;
			sourceTree = "<group>";
		};
		BD26D5972A8B7A8F007B7F5B /* Views */ = {
			isa = PBXGroup;
			children = (
				9ECBED572A8F5285006460C9 /* Cells */,
				BD26D58B2A8B7A77007B7F5B /* Assets.xcassets */,
				9E9A8A5F2AB94961000B98B7 /* ListViewController.swift */,
				9ED5F3C82A947AA100670ECD /* NoNotificationsView.swift */,
				9EB02EB22A9C62B7004D00AB /* SignInHeaderView.swift */,
				9EB02EB62A9C73CA004D00AB /* IGTextField.swift */,
				BD26D58D2A8B7A77007B7F5B /* LaunchScreen.storyboard */,
				9E102CA52AB16A8200695050 /* ProfileHeaderCollectionReusableView.swift */,
				9E102CA92AB190BF00695050 /* ProfileHeaderCountView.swift */,
				9E9A8A5D2AB82746000B98B7 /* IGFollowButton.swift */,
			);
			path = Views;
			sourceTree = "<group>";
		};
		BD26D5992A8B7AA3007B7F5B /* Resources */ = {
			isa = PBXGroup;
			children = (
				9ED5F3C42A94795A00670ECD /* GoogleService-Info.plist */,
				BD26D5822A8B7A76007B7F5B /* AppDelegate.swift */,
				BD26D5842A8B7A76007B7F5B /* SceneDelegate.swift */,
				9E1970EC2A8C7CB400EEFB14 /* Extensions.swift */,
			);
			path = Resources;
			sourceTree = "<group>";
		};
		BD26D5A32A8B7B6C007B7F5B /* Core Tabs */ = {
			isa = PBXGroup;
			children = (
				BD26D59B2A8B7B24007B7F5B /* ExploreViewController.swift */,
				BD26D59D2A8B7B32007B7F5B /* CameraViewController.swift */,
				BD26D59F2A8B7B4E007B7F5B /* NotificationsViewController.swift */,
				BD50F2602A9B9EF0003C99A3 /* TabBarViewController.swift */,
				BD2E70BE2A9F389E00B26BB7 /* ProfileViewController.swift */,
				BDDDCA442AA0CFAF004AB7FA /* NewHomeViewController.swift */,
			);
			path = "Core Tabs";
			sourceTree = "<group>";
		};
		BD26D5A42A8B7B8B007B7F5B /* Other */ = {
			isa = PBXGroup;
			children = (
				9E9A8A662AB94B7F000B98B7 /* PostViewController.swift */,
				BD3A085D2AA4641D002B6AA8 /* PostEditViewController.swift */,
				BD26D5AE2A8B7BEB007B7F5B /* SettingsViewController.swift */,
				BD26D5B22A8B7C0A007B7F5B /* SearchResultsViewController.swift */,
				BDE09F232AA49F16003DCA40 /* CaptionViewController.swift */,
				BD05B9E92AB6B2E80048C192 /* EditProfileViewController.swift */,
				9EE5405B2AB94E0C00158395 /* OldEditProfileViewController.swift */,
				BD26D5A52A8B7B94007B7F5B /* Onboarding */,
			);
			path = Other;
			sourceTree = "<group>";
		};
		BD26D5A52A8B7B94007B7F5B /* Onboarding */ = {
			isa = PBXGroup;
			children = (
				9EB02EB42A9C6384004D00AB /* SignInViewController.swift */,
				9EB02EB82A9C81DC004D00AB /* SignUpViewController.swift */,
			);
			path = Onboarding;
			sourceTree = "<group>";
		};
		BD50F25D2A9B9A39003C99A3 /* Models */ = {
			isa = PBXGroup;
			children = (
				9E9A8A632AB94A05000B98B7 /* User.swift */,
				9E9A8A612AB949C5000B98B7 /* Models.swift */,
				BD11AEB32AA1D443002553E3 /* HomeFeedCellType.swift */,
				9EF3994D2AA6C6B40058F383 /* Post.swift */,
				9EADE4FD2AAAE32B00E6E2C8 /* NotificationCellType.swift */,
				BDEB78E02AAC817D00668D2E /* Notification.swift */,
				BDC2BF042AB44E3000E6A80C /* UserInfo.swift */,
			);
			path = Models;
			sourceTree = "<group>";
		};
		BDD6A6EE2A9BA2C100BCEA92 /* Managers */ = {
			isa = PBXGroup;
			children = (
				BD0E8C4B2A8BC254008729E2 /* AuthManager.swift */,
				BDD6A6EC2A9BA27800BCEA92 /* AnalyticsManager.swift */,
				BDD6A6EF2A9BA2D700BCEA92 /* HapticsManager.swift */,
				BDBCADE62A9E137F009388D3 /* DatabaseManager.swift */,
				BDBCADEA2A9E1F01009388D3 /* StorageManager.swift */,
				9EADE4FB2AAAD78100E6E2C8 /* NotificationManager.swift */,
			);
			path = Managers;
			sourceTree = "<group>";
		};
		F582FE21A145A7BBE55E6857 /* Pods */ = {
			isa = PBXGroup;
			children = (
				F1B2D48299DE1666F8E676A4 /* Pods-Instagram.debug.xcconfig */,
				1DD9B7848BAF7CF1B292605D /* Pods-Instagram.release.xcconfig */,
			);
			path = Pods;
			sourceTree = "<group>";
		};
/* End PBXGroup section */

/* Begin PBXNativeTarget section */
		BD26D57E2A8B7A76007B7F5B /* Instagram */ = {
			isa = PBXNativeTarget;
			buildConfigurationList = BD26D5932A8B7A77007B7F5B /* Build configuration list for PBXNativeTarget "Instagram" */;
			buildPhases = (
				FDC5868FBE1333D5D2F8ADAF /* [CP] Check Pods Manifest.lock */,
				BD26D57B2A8B7A76007B7F5B /* Sources */,
				BD26D57C2A8B7A76007B7F5B /* Frameworks */,
				BD26D57D2A8B7A76007B7F5B /* Resources */,
				32F9431D04081DCD6017D236 /* [CP] Embed Pods Frameworks */,
			);
			buildRules = (
			);
			dependencies = (
			);
			name = Instagram;
			productName = Instagram;
			productReference = BD26D57F2A8B7A76007B7F5B /* Instagram.app */;
			productType = "com.apple.product-type.application";
		};
/* End PBXNativeTarget section */

/* Begin PBXProject section */
		BD26D5772A8B7A76007B7F5B /* Project object */ = {
			isa = PBXProject;
			attributes = {
				BuildIndependentTargetsInParallel = 1;
				LastSwiftUpdateCheck = 1430;
				LastUpgradeCheck = 1430;
				TargetAttributes = {
					BD26D57E2A8B7A76007B7F5B = {
						CreatedOnToolsVersion = 14.3.1;
					};
				};
			};
			buildConfigurationList = BD26D57A2A8B7A76007B7F5B /* Build configuration list for PBXProject "Instagram" */;
			compatibilityVersion = "Xcode 14.0";
			developmentRegion = en;
			hasScannedForEncodings = 0;
			knownRegions = (
				en,
				Base,
			);
			mainGroup = BD26D5762A8B7A76007B7F5B;
			productRefGroup = BD26D5802A8B7A76007B7F5B /* Products */;
			projectDirPath = "";
			projectRoot = "";
			targets = (
				BD26D57E2A8B7A76007B7F5B /* Instagram */,
			);
		};
/* End PBXProject section */

/* Begin PBXResourcesBuildPhase section */
		BD26D57D2A8B7A76007B7F5B /* Resources */ = {
			isa = PBXResourcesBuildPhase;
			buildActionMask = 2147483647;
			files = (
				BD26D58F2A8B7A77007B7F5B /* LaunchScreen.storyboard in Resources */,
				9ED5F3C52A94795A00670ECD /* GoogleService-Info.plist in Resources */,
				BD26D58C2A8B7A77007B7F5B /* Assets.xcassets in Resources */,
			);
			runOnlyForDeploymentPostprocessing = 0;
		};
/* End PBXResourcesBuildPhase section */

/* Begin PBXShellScriptBuildPhase section */
		32F9431D04081DCD6017D236 /* [CP] Embed Pods Frameworks */ = {
			isa = PBXShellScriptBuildPhase;
			buildActionMask = 2147483647;
			files = (
			);
			inputFileListPaths = (
				"${PODS_ROOT}/Target Support Files/Pods-Instagram/Pods-Instagram-frameworks-${CONFIGURATION}-input-files.xcfilelist",
			);
			name = "[CP] Embed Pods Frameworks";
			outputFileListPaths = (
				"${PODS_ROOT}/Target Support Files/Pods-Instagram/Pods-Instagram-frameworks-${CONFIGURATION}-output-files.xcfilelist",
			);
			runOnlyForDeploymentPostprocessing = 0;
			shellPath = /bin/sh;
			shellScript = "\"${PODS_ROOT}/Target Support Files/Pods-Instagram/Pods-Instagram-frameworks.sh\"\n";
			showEnvVarsInLog = 0;
		};
		FDC5868FBE1333D5D2F8ADAF /* [CP] Check Pods Manifest.lock */ = {
			isa = PBXShellScriptBuildPhase;
			buildActionMask = 2147483647;
			files = (
			);
			inputFileListPaths = (
			);
			inputPaths = (
				"${PODS_PODFILE_DIR_PATH}/Podfile.lock",
				"${PODS_ROOT}/Manifest.lock",
			);
			name = "[CP] Check Pods Manifest.lock";
			outputFileListPaths = (
			);
			outputPaths = (
				"$(DERIVED_FILE_DIR)/Pods-Instagram-checkManifestLockResult.txt",
			);
			runOnlyForDeploymentPostprocessing = 0;
			shellPath = /bin/sh;
			shellScript = "diff \"${PODS_PODFILE_DIR_PATH}/Podfile.lock\" \"${PODS_ROOT}/Manifest.lock\" > /dev/null\nif [ $? != 0 ] ; then\n    # print error to STDERR\n    echo \"error: The sandbox is not in sync with the Podfile.lock. Run 'pod install' or update your CocoaPods installation.\" >&2\n    exit 1\nfi\n# This output is used by Xcode 'outputs' to avoid re-running this script phase.\necho \"SUCCESS\" > \"${SCRIPT_OUTPUT_FILE_0}\"\n";
			showEnvVarsInLog = 0;
		};
/* End PBXShellScriptBuildPhase section */

/* Begin PBXSourcesBuildPhase section */
		BD26D57B2A8B7A76007B7F5B /* Sources */ = {
			isa = PBXSourcesBuildPhase;
			buildActionMask = 2147483647;
			files = (
				BDD6A6ED2A9BA27800BCEA92 /* AnalyticsManager.swift in Sources */,
				BDBCADE72A9E137F009388D3 /* DatabaseManager.swift in Sources */,
				9EADE5002AAAE36E00E6E2C8 /* NotificationCellViewModels.swift in Sources */,
				BD05B9EA2AB6B2E80048C192 /* EditProfileViewController.swift in Sources */,
				BD26D59C2A8B7B24007B7F5B /* ExploreViewController.swift in Sources */,
				BDDDCA452AA0CFAF004AB7FA /* NewHomeViewController.swift in Sources */,
				9EB02EB52A9C6384004D00AB /* SignInViewController.swift in Sources */,
				BD26D5832A8B7A76007B7F5B /* AppDelegate.swift in Sources */,
				9E9A8A602AB94962000B98B7 /* ListViewController.swift in Sources */,
				9EB02EB92A9C81DC004D00AB /* SignUpViewController.swift in Sources */,
				9ED5F3C92A947AA100670ECD /* NoNotificationsView.swift in Sources */,
				9ED5F3CC2A947DC800670ECD /* FollowNotificationTableViewCell.swift in Sources */,
				BD11AEB22AA1D381002553E3 /* PostDateTimeCollectionViewCellViewModel.swift in Sources */,
				BDD6A6F02A9BA2D700BCEA92 /* HapticsManager.swift in Sources */,
				9E102CA82AB16AE900695050 /* ProfileHeaderViewModel.swift in Sources */,
				9E0452CB2A933094003858DB /* ListUserTableViewCell.swift in Sources */,
				BD11AEBB2AA21E7A002553E3 /* PostActionsCollectionViewCell.swift in Sources */,
				BD0991122A90D4E5001DCE05 /* FormTableViewCell.swift in Sources */,
				BD0991192A90DE71001DCE05 /* ProfileTabsCollectionReusableView.swift in Sources */,
				9EADE4FC2AAAD78100E6E2C8 /* NotificationManager.swift in Sources */,
				9EB02EB32A9C62B7004D00AB /* SignInHeaderView.swift in Sources */,
				BD3A085E2AA4641D002B6AA8 /* PostEditViewController.swift in Sources */,
				BD26D5A02A8B7B4E007B7F5B /* NotificationsViewController.swift in Sources */,
				9E9A8A5E2AB82746000B98B7 /* IGFollowButton.swift in Sources */,
				9E9A8A672AB94B7F000B98B7 /* PostViewController.swift in Sources */,
				BD50F2612A9B9EF0003C99A3 /* TabBarViewController.swift in Sources */,
				9E9A8A642AB94A05000B98B7 /* User.swift in Sources */,
				BD11AEB92AA21E53002553E3 /* PostCollectionViewCell.swift in Sources */,
				BD11AEC12AA21E9F002553E3 /* PostDateTimeCollectionViewCell.swift in Sources */,
				BD11AEA82AA1D1CD002553E3 /* PosterCollectionViewCellViewModel.swift in Sources */,
				9EADE4FA2AAAD5DD00E6E2C8 /* CommentNotficationTableViewCell.swift in Sources */,
				9E102CAA2AB190BF00695050 /* ProfileHeaderCountView.swift in Sources */,
				9E1970ED2A8C7CB400EEFB14 /* Extensions.swift in Sources */,
				BDE09F242AA49F16003DCA40 /* CaptionViewController.swift in Sources */,
				BD11AEB02AA1D30E002553E3 /* PostCaptionCollectionViewCellViewModel.swift in Sources */,
				BD11AEBD2AA21E84002553E3 /* PostLikesCollectionViewCell.swift in Sources */,
				9EB02EB72A9C73CA004D00AB /* IGTextField.swift in Sources */,
				BD11AEAC2AA1D293002553E3 /* PostActionsCollectionViewCellViewModel.swift in Sources */,
				9ED5F3CE2A947DE300670ECD /* LikeNotificationTableViewCell.swift in Sources */,
				BD26D5B32A8B7C0A007B7F5B /* SearchResultsViewController.swift in Sources */,
				BDE09F222AA49A0B003DCA40 /* PhotoCollectionViewCell.swift in Sources */,
				BDEB78E12AAC817D00668D2E /* Notification.swift in Sources */,
				BD0991172A90DE3D001DCE05 /* ProfileInfoHeaderCollectionReusableView.swift in Sources */,
				BDBCADEB2A9E1F01009388D3 /* StorageManager.swift in Sources */,
				BD49C7C52AB2B70F003E61D7 /* ProfileHeaderCountViewModel.swift in Sources */,
				9EE5405C2AB94E0C00158395 /* OldEditProfileViewController.swift in Sources */,
				9E102CA62AB16A8200695050 /* ProfileHeaderCollectionReusableView.swift in Sources */,
				BD11AEBF2AA21E93002553E3 /* PostCaptionCollectionViewCell.swift in Sources */,
				BD0E8C4C2A8BC254008729E2 /* AuthManager.swift in Sources */,
				BD26D5852A8B7A76007B7F5B /* SceneDelegate.swift in Sources */,
				9EF3994E2AA6C6B40058F383 /* Post.swift in Sources */,
				9EE5405E2AB95FC700158395 /* ListUserTableViewCellViewModel.swift in Sources */,
				BD11AEAA2AA1D256002553E3 /* PostCollectionViewCellViewModel.swift in Sources */,
				9EADE4FE2AAAE32B00E6E2C8 /* NotificationCellType.swift in Sources */,
				BD11AEB72AA21DCD002553E3 /* PosterCollectionViewCell.swift in Sources */,
				BD26D59E2A8B7B32007B7F5B /* CameraViewController.swift in Sources */,
				BD11AEB42AA1D443002553E3 /* HomeFeedCellType.swift in Sources */,
				BD2E70BF2A9F389E00B26BB7 /* ProfileViewController.swift in Sources */,
				BD26D5AF2A8B7BEB007B7F5B /* SettingsViewController.swift in Sources */,
				9E9A8A622AB949C5000B98B7 /* Models.swift in Sources */,
				BD11AEAE2AA1D2CC002553E3 /* PostLikesCollectionViewCellViewModel.swift in Sources */,
				BDC2BF052AB44E3000E6A80C /* UserInfo.swift in Sources */,
			);
			runOnlyForDeploymentPostprocessing = 0;
		};
/* End PBXSourcesBuildPhase section */

/* Begin PBXVariantGroup section */
		BD26D58D2A8B7A77007B7F5B /* LaunchScreen.storyboard */ = {
			isa = PBXVariantGroup;
			children = (
				BD26D58E2A8B7A77007B7F5B /* Base */,
			);
			name = LaunchScreen.storyboard;
			sourceTree = "<group>";
		};
/* End PBXVariantGroup section */

/* Begin XCBuildConfiguration section */
		BD26D5912A8B7A77007B7F5B /* Debug */ = {
			isa = XCBuildConfiguration;
			buildSettings = {
				ALWAYS_SEARCH_USER_PATHS = NO;
				CLANG_ANALYZER_NONNULL = YES;
				CLANG_ANALYZER_NUMBER_OBJECT_CONVERSION = YES_AGGRESSIVE;
				CLANG_CXX_LANGUAGE_STANDARD = "gnu++20";
				CLANG_ENABLE_MODULES = YES;
				CLANG_ENABLE_OBJC_ARC = YES;
				CLANG_ENABLE_OBJC_WEAK = YES;
				CLANG_WARN_BLOCK_CAPTURE_AUTORELEASING = YES;
				CLANG_WARN_BOOL_CONVERSION = YES;
				CLANG_WARN_COMMA = YES;
				CLANG_WARN_CONSTANT_CONVERSION = YES;
				CLANG_WARN_DEPRECATED_OBJC_IMPLEMENTATIONS = YES;
				CLANG_WARN_DIRECT_OBJC_ISA_USAGE = YES_ERROR;
				CLANG_WARN_DOCUMENTATION_COMMENTS = YES;
				CLANG_WARN_EMPTY_BODY = YES;
				CLANG_WARN_ENUM_CONVERSION = YES;
				CLANG_WARN_INFINITE_RECURSION = YES;
				CLANG_WARN_INT_CONVERSION = YES;
				CLANG_WARN_NON_LITERAL_NULL_CONVERSION = YES;
				CLANG_WARN_OBJC_IMPLICIT_RETAIN_SELF = YES;
				CLANG_WARN_OBJC_LITERAL_CONVERSION = YES;
				CLANG_WARN_OBJC_ROOT_CLASS = YES_ERROR;
				CLANG_WARN_QUOTED_INCLUDE_IN_FRAMEWORK_HEADER = YES;
				CLANG_WARN_RANGE_LOOP_ANALYSIS = YES;
				CLANG_WARN_STRICT_PROTOTYPES = YES;
				CLANG_WARN_SUSPICIOUS_MOVE = YES;
				CLANG_WARN_UNGUARDED_AVAILABILITY = YES_AGGRESSIVE;
				CLANG_WARN_UNREACHABLE_CODE = YES;
				CLANG_WARN__DUPLICATE_METHOD_MATCH = YES;
				COPY_PHASE_STRIP = NO;
				DEBUG_INFORMATION_FORMAT = dwarf;
				ENABLE_STRICT_OBJC_MSGSEND = YES;
				ENABLE_TESTABILITY = YES;
				GCC_C_LANGUAGE_STANDARD = gnu11;
				GCC_DYNAMIC_NO_PIC = NO;
				GCC_NO_COMMON_BLOCKS = YES;
				GCC_OPTIMIZATION_LEVEL = 0;
				GCC_PREPROCESSOR_DEFINITIONS = (
					"DEBUG=1",
					"$(inherited)",
				);
				GCC_WARN_64_TO_32_BIT_CONVERSION = YES;
				GCC_WARN_ABOUT_RETURN_TYPE = YES_ERROR;
				GCC_WARN_UNDECLARED_SELECTOR = YES;
				GCC_WARN_UNINITIALIZED_AUTOS = YES_AGGRESSIVE;
				GCC_WARN_UNUSED_FUNCTION = YES;
				GCC_WARN_UNUSED_VARIABLE = YES;
				IPHONEOS_DEPLOYMENT_TARGET = 16.4;
				MTL_ENABLE_DEBUG_INFO = INCLUDE_SOURCE;
				MTL_FAST_MATH = YES;
				ONLY_ACTIVE_ARCH = YES;
				SDKROOT = iphoneos;
				SWIFT_ACTIVE_COMPILATION_CONDITIONS = DEBUG;
				SWIFT_OPTIMIZATION_LEVEL = "-Onone";
			};
			name = Debug;
		};
		BD26D5922A8B7A77007B7F5B /* Release */ = {
			isa = XCBuildConfiguration;
			buildSettings = {
				ALWAYS_SEARCH_USER_PATHS = NO;
				CLANG_ANALYZER_NONNULL = YES;
				CLANG_ANALYZER_NUMBER_OBJECT_CONVERSION = YES_AGGRESSIVE;
				CLANG_CXX_LANGUAGE_STANDARD = "gnu++20";
				CLANG_ENABLE_MODULES = YES;
				CLANG_ENABLE_OBJC_ARC = YES;
				CLANG_ENABLE_OBJC_WEAK = YES;
				CLANG_WARN_BLOCK_CAPTURE_AUTORELEASING = YES;
				CLANG_WARN_BOOL_CONVERSION = YES;
				CLANG_WARN_COMMA = YES;
				CLANG_WARN_CONSTANT_CONVERSION = YES;
				CLANG_WARN_DEPRECATED_OBJC_IMPLEMENTATIONS = YES;
				CLANG_WARN_DIRECT_OBJC_ISA_USAGE = YES_ERROR;
				CLANG_WARN_DOCUMENTATION_COMMENTS = YES;
				CLANG_WARN_EMPTY_BODY = YES;
				CLANG_WARN_ENUM_CONVERSION = YES;
				CLANG_WARN_INFINITE_RECURSION = YES;
				CLANG_WARN_INT_CONVERSION = YES;
				CLANG_WARN_NON_LITERAL_NULL_CONVERSION = YES;
				CLANG_WARN_OBJC_IMPLICIT_RETAIN_SELF = YES;
				CLANG_WARN_OBJC_LITERAL_CONVERSION = YES;
				CLANG_WARN_OBJC_ROOT_CLASS = YES_ERROR;
				CLANG_WARN_QUOTED_INCLUDE_IN_FRAMEWORK_HEADER = YES;
				CLANG_WARN_RANGE_LOOP_ANALYSIS = YES;
				CLANG_WARN_STRICT_PROTOTYPES = YES;
				CLANG_WARN_SUSPICIOUS_MOVE = YES;
				CLANG_WARN_UNGUARDED_AVAILABILITY = YES_AGGRESSIVE;
				CLANG_WARN_UNREACHABLE_CODE = YES;
				CLANG_WARN__DUPLICATE_METHOD_MATCH = YES;
				COPY_PHASE_STRIP = NO;
				DEBUG_INFORMATION_FORMAT = "dwarf-with-dsym";
				ENABLE_NS_ASSERTIONS = NO;
				ENABLE_STRICT_OBJC_MSGSEND = YES;
				GCC_C_LANGUAGE_STANDARD = gnu11;
				GCC_NO_COMMON_BLOCKS = YES;
				GCC_WARN_64_TO_32_BIT_CONVERSION = YES;
				GCC_WARN_ABOUT_RETURN_TYPE = YES_ERROR;
				GCC_WARN_UNDECLARED_SELECTOR = YES;
				GCC_WARN_UNINITIALIZED_AUTOS = YES_AGGRESSIVE;
				GCC_WARN_UNUSED_FUNCTION = YES;
				GCC_WARN_UNUSED_VARIABLE = YES;
				IPHONEOS_DEPLOYMENT_TARGET = 16.4;
				MTL_ENABLE_DEBUG_INFO = NO;
				MTL_FAST_MATH = YES;
				SDKROOT = iphoneos;
				SWIFT_COMPILATION_MODE = wholemodule;
				SWIFT_OPTIMIZATION_LEVEL = "-O";
				VALIDATE_PRODUCT = YES;
			};
			name = Release;
		};
		BD26D5942A8B7A77007B7F5B /* Debug */ = {
			isa = XCBuildConfiguration;
			baseConfigurationReference = F1B2D48299DE1666F8E676A4 /* Pods-Instagram.debug.xcconfig */;
			buildSettings = {
				ASSETCATALOG_COMPILER_APPICON_NAME = AppIcon;
				ASSETCATALOG_COMPILER_GLOBAL_ACCENT_COLOR_NAME = AccentColor;
				CODE_SIGN_STYLE = Automatic;
				CURRENT_PROJECT_VERSION = 1;
				DEVELOPMENT_TEAM = KFKP37Q73C;
				GENERATE_INFOPLIST_FILE = YES;
				INFOPLIST_FILE = Instagram/Info.plist;
				INFOPLIST_KEY_NSCameraUsageDescription = "Please allow access to take profile picture.";
				INFOPLIST_KEY_NSMicrophoneUsageDescription = "Please allow access to take videos";
				INFOPLIST_KEY_NSPhotoLibraryAddUsageDescription = "Please allow access to choose a profile picture.";
				INFOPLIST_KEY_UIApplicationSupportsIndirectInputEvents = YES;
				INFOPLIST_KEY_UILaunchStoryboardName = LaunchScreen;
				INFOPLIST_KEY_UISupportedInterfaceOrientations = UIInterfaceOrientationPortrait;
				IPHONEOS_DEPLOYMENT_TARGET = 13.0;
				LD_RUNPATH_SEARCH_PATHS = (
					"$(inherited)",
					"@executable_path/Frameworks",
				);
				MARKETING_VERSION = 1.0;
				PRODUCT_BUNDLE_IDENTIFIER = hyonbokan.Instagram;
				PRODUCT_NAME = "$(TARGET_NAME)";
				SWIFT_EMIT_LOC_STRINGS = YES;
				SWIFT_VERSION = 5.0;
				TARGETED_DEVICE_FAMILY = "1,2";
			};
			name = Debug;
		};
		BD26D5952A8B7A77007B7F5B /* Release */ = {
			isa = XCBuildConfiguration;
			baseConfigurationReference = 1DD9B7848BAF7CF1B292605D /* Pods-Instagram.release.xcconfig */;
			buildSettings = {
				ASSETCATALOG_COMPILER_APPICON_NAME = AppIcon;
				ASSETCATALOG_COMPILER_GLOBAL_ACCENT_COLOR_NAME = AccentColor;
				CODE_SIGN_STYLE = Automatic;
				CURRENT_PROJECT_VERSION = 1;
				DEVELOPMENT_TEAM = KFKP37Q73C;
				GENERATE_INFOPLIST_FILE = YES;
				INFOPLIST_FILE = Instagram/Info.plist;
				INFOPLIST_KEY_NSCameraUsageDescription = "Please allow access to take profile picture.";
				INFOPLIST_KEY_NSMicrophoneUsageDescription = "Please allow access to take videos";
				INFOPLIST_KEY_NSPhotoLibraryAddUsageDescription = "Please allow access to choose a profile picture.";
				INFOPLIST_KEY_UIApplicationSupportsIndirectInputEvents = YES;
				INFOPLIST_KEY_UILaunchStoryboardName = LaunchScreen;
				INFOPLIST_KEY_UISupportedInterfaceOrientations = UIInterfaceOrientationPortrait;
				IPHONEOS_DEPLOYMENT_TARGET = 13.0;
				LD_RUNPATH_SEARCH_PATHS = (
					"$(inherited)",
					"@executable_path/Frameworks",
				);
				MARKETING_VERSION = 1.0;
				PRODUCT_BUNDLE_IDENTIFIER = hyonbokan.Instagram;
				PRODUCT_NAME = "$(TARGET_NAME)";
				SWIFT_EMIT_LOC_STRINGS = YES;
				SWIFT_VERSION = 5.0;
				TARGETED_DEVICE_FAMILY = "1,2";
			};
			name = Release;
		};
/* End XCBuildConfiguration section */

/* Begin XCConfigurationList section */
		BD26D57A2A8B7A76007B7F5B /* Build configuration list for PBXProject "Instagram" */ = {
			isa = XCConfigurationList;
			buildConfigurations = (
				BD26D5912A8B7A77007B7F5B /* Debug */,
				BD26D5922A8B7A77007B7F5B /* Release */,
			);
			defaultConfigurationIsVisible = 0;
			defaultConfigurationName = Release;
		};
		BD26D5932A8B7A77007B7F5B /* Build configuration list for PBXNativeTarget "Instagram" */ = {
			isa = XCConfigurationList;
			buildConfigurations = (
				BD26D5942A8B7A77007B7F5B /* Debug */,
				BD26D5952A8B7A77007B7F5B /* Release */,
			);
			defaultConfigurationIsVisible = 0;
			defaultConfigurationName = Release;
		};
/* End XCConfigurationList section */
	};
	rootObject = BD26D5772A8B7A76007B7F5B /* Project object */;
}
